
Microsoft Visual Studio Solution File, Format Version 12.00
# Visual Studio Version 16
VisualStudioVersion = 16.0.32106.194
MinimumVisualStudioVersion = 10.0.40219.1
Project("{FAE04EC0-301F-11D3-BF4B-00C04F79EFBC}") = "ImapFatturaElettronica", "ImapFatturaElettronica\ImapFatturaElettronica.csproj", "{FF371495-3E0D-4E65-9572-199274CF0807}"
EndProject
Global
	GlobalSection(SolutionConfigurationPlatforms) = preSolution
		Debug|Any CPU = Debug|Any CPU
		Release|Any CPU = Release|Any CPU
	EndGlobalSection
	GlobalSection(ProjectConfigurationPlatforms) = postSolution
		{FF371495-3E0D-4E65-9572-199274CF0807}.Debug|Any CPU.ActiveCfg = Debug|Any CPU
		{FF371495-3E0D-4E65-9572-199274CF0807}.Debug|Any CPU.Build.0 = Debug|Any CPU
		{FF371495-3E0D-4E65-9572-199274CF0807}.Release|Any CPU.ActiveCfg = Release|Any CPU
		{FF371495-3E0D-4E65-9572-199274CF0807}.Release|Any CPU.Build.0 = Release|Any CPU
	EndGlobalSection
	GlobalSection(SolutionProperties) = preSolution
		HideSolutionNode = FALSE
	EndGlobalSection
	GlobalSection(ExtensibilityGlobals) = postSolution
		SolutionGuid = {7DF09E38-BF73-42AC-8E71-0DBBB9CF95DC}
	EndGlobalSection
EndGlobal
